// !$*UTF8*$!
{
	archiveVersion = 1;
	classes = {
	};
	objectVersion = 46;
	objects = {

/* Begin PBXBuildFile section */
		4CFD36B61C41DB3C00DD38BD /* AppDelegate.swift in Sources */ = {isa = PBXBuildFile; fileRef = 4CFD36B51C41DB3C00DD38BD /* AppDelegate.swift */; };
		4CFD36B81C41DB3C00DD38BD /* ViewController.swift in Sources */ = {isa = PBXBuildFile; fileRef = 4CFD36B71C41DB3C00DD38BD /* ViewController.swift */; };
		4CFD36BB1C41DB3C00DD38BD /* Main.storyboard in Resources */ = {isa = PBXBuildFile; fileRef = 4CFD36B91C41DB3C00DD38BD /* Main.storyboard */; };
		4CFD36BD1C41DB3C00DD38BD /* Assets.xcassets in Resources */ = {isa = PBXBuildFile; fileRef = 4CFD36BC1C41DB3C00DD38BD /* Assets.xcassets */; };
		4CFD36C01C41DB3C00DD38BD /* LaunchScreen.storyboard in Resources */ = {isa = PBXBuildFile; fileRef = 4CFD36BE1C41DB3C00DD38BD /* LaunchScreen.storyboard */; };
/* End PBXBuildFile section */

/* Begin PBXFileReference section */
		4CFD36B21C41DB3C00DD38BD /* StockMarketCalculator.app */ = {isa = PBXFileReference; explicitFileType = wrapper.application; includeInIndex = 0; path = StockMarketCalculator.app; sourceTree = BUILT_PRODUCTS_DIR; };
		4CFD36B51C41DB3C00DD38BD /* AppDelegate.swift */ = {isa = PBXFileReference; lastKnownFileType = sourcecode.swift; path = AppDelegate.swift; sourceTree = "<group>"; };
		4CFD36B71C41DB3C00DD38BD /* ViewController.swift */ = {isa = PBXFileReference; lastKnownFileType = sourcecode.swift; path = ViewController.swift; sourceTree = "<group>"; };
		4CFD36BA1C41DB3C00DD38BD /* Base */ = {isa = PBXFileReference; lastKnownFileType = file.storyboard; name = Base; path = Base.lproj/Main.storyboard; sourceTree = "<group>"; };
		4CFD36BC1C41DB3C00DD38BD /* Assets.xcassets */ = {isa = PBXFileReference; lastKnownFileType = folder.assetcatalog; path = Assets.xcassets; sourceTree = "<group>"; };
		4CFD36BF1C41DB3C00DD38BD /* Base */ = {isa = PBXFileReference; lastKnownFileType = file.storyboard; name = Base; path = Base.lproj/LaunchScreen.storyboard; sourceTree = "<group>"; };
		4CFD36C11C41DB3C00DD38BD /* Info.plist */ = {isa = PBXFileReference; lastKnownFileType = text.plist.xml; path = Info.plist; sourceTree = "<group>"; };
/* End PBXFileReference section */

/* Begin PBXFrameworksBuildPhase section */
		4CFD36AF1C41DB3C00DD38BD /* Frameworks */ = {
			isa = PBXFrameworksBuildPhase;
			buildActionMask = 2147483647;
			files = (
			);
			runOnlyForDeploymentPostprocessing = 0;
		};
/* End PBXFrameworksBuildPhase section */

/* Begin PBXGroup section */
		4CFD36A91C41DB3C00DD38BD = {
			isa = PBXGroup;
			children = (
				4CFD36B41C41DB3C00DD38BD /* StockMarketCalculator */,
				4CFD36B31C41DB3C00DD38BD /* Products */,
			);
			sourceTree = "<group>";
		};
		4CFD36B31C41DB3C00DD38BD /* Products */ = {
			isa = PBXGroup;
			children = (
				4CFD36B21C41DB3C00DD38BD /* StockMarketCalculator.app */,
			);
			name = Products;
			sourceTree = "<group>";
		};
		4CFD36B41C41DB3C00DD38BD /* StockMarketCalculator */ = {
			isa = PBXGroup;
			children = (
				4CFD36B51C41DB3C00DD38BD /* AppDelegate.swift */,
				4CFD36B71C41DB3C00DD38BD /* ViewController.swift */,
				4CFD36B91C41DB3C00DD38BD /* Main.storyboard */,
				4CFD36BC1C41DB3C00DD38BD /* Assets.xcassets */,
				4CFD36BE1C41DB3C00DD38BD /* LaunchScreen.storyboard */,
				4CFD36C11C41DB3C00DD38BD /* Info.plist */,
			);
			path = StockMarketCalculator;
			sourceTree = "<group>";
		};
/* End PBXGroup section */

/* Begin PBXNativeTarget section */
		4CFD36B11C41DB3C00DD38BD /* StockMarketCalculator */ = {
			isa = PBXNativeTarget;
			buildConfigurationList = 4CFD36C41C41DB3C00DD38BD /* Build configuration list for PBXNativeTarget "StockMarketCalculator" */;
			buildPhases = (
				4CFD36AE1C41DB3C00DD38BD /* Sources */,
				4CFD36AF1C41DB3C00DD38BD /* Frameworks */,
				4CFD36B01C41DB3C00DD38BD /* Resources */,
			);
			buildRules = (
			);
			dependencies = (
			);
			name = StockMarketCalculator;
			productName = StockMarketCalculator;
			productReference = 4CFD36B21C41DB3C00DD38BD /* StockMarketCalculator.app */;
			productType = "com.apple.product-type.application";
		};
/* End PBXNativeTarget section */

/* Begin PBXProject section */
		4CFD36AA1C41DB3C00DD38BD /* Project object */ = {
			isa = PBXProject;
			attributes = {
				LastSwiftUpdateCheck = 0720;
				LastUpgradeCheck = 0720;
				ORGANIZATIONNAME = "Travis Gillespie";
				TargetAttributes = {
					4CFD36B11C41DB3C00DD38BD = {
						CreatedOnToolsVersion = 7.2;
						DevelopmentTeam = 6M95FE4MYR;
					};
				};
			};
			buildConfigurationList = 4CFD36AD1C41DB3C00DD38BD /* Build configuration list for PBXProject "StockMarketCalculator" */;
			compatibilityVersion = "Xcode 3.2";
			developmentRegion = English;
			hasScannedForEncodings = 0;
			knownRegions = (
				en,
				Base,
			);
			mainGroup = 4CFD36A91C41DB3C00DD38BD;
			productRefGroup = 4CFD36B31C41DB3C00DD38BD /* Products */;
			projectDirPath = "";
			projectRoot = "";
			targets = (
				4CFD36B11C41DB3C00DD38BD /* StockMarketCalculator */,
			);
		};
/* End PBXProject section */

/* Begin PBXResourcesBuildPhase section */
		4CFD36B01C41DB3C00DD38BD /* Resources */ = {
			isa = PBXResourcesBuildPhase;
			buildActionMask = 2147483647;
			files = (
				4CFD36C01C41DB3C00DD38BD /* LaunchScreen.storyboard in Resources */,
				4CFD36BD1C41DB3C00DD38BD /* Assets.xcassets in Resources */,
				4CFD36BB1C41DB3C00DD38BD /* Main.storyboard in Resources */,
			);
			runOnlyForDeploymentPostprocessing = 0;
		};
/* End PBXResourcesBuildPhase section */

/* Begin PBXSourcesBuildPhase section */
		4CFD36AE1C41DB3C00DD38BD /* Sources */ = {
			isa = PBXSourcesBuildPhase;
			buildActionMask = 2147483647;
			files = (
				4CFD36B81C41DB3C00DD38BD /* ViewController.swift in Sources */,
				4CFD36B61C41DB3C00DD38BD /* AppDelegate.swift in Sources */,
			);
			runOnlyForDeploymentPostprocessing = 0;
		};
/* End PBXSourcesBuildPhase section */

/* Begin PBXVariantGroup section */
		4CFD36B91C41DB3C00DD38BD /* Main.storyboard */ = {
			isa = PBXVariantGroup;
			children = (
				4CFD36BA1C41DB3C00DD38BD /* Base */,
			);
			name = Main.storyboard;
			sourceTree = "<group>";
		};
		4CFD36BE1C41DB3C00DD38BD /* LaunchScreen.storyboard */ = {
			isa = PBXVariantGroup;
			children = (
				4CFD36BF1C41DB3C00DD38BD /* Base */,
			);
			name = LaunchScreen.storyboard;
			sourceTree = "<group>";
		};
/* End PBXVariantGroup section */

/* Begin XCBuildConfiguration section */
		4CFD36C21C41DB3C00DD38BD /* Debug */ = {
			isa = XCBuildConfiguration;
			buildSettings = {
				ALWAYS_SEARCH_USER_PATHS = NO;
				CLANG_CXX_LANGUAGE_STANDARD = "gnu++0x";
				CLANG_CXX_LIBRARY = "libc++";
				CLANG_ENABLE_MODULES = YES;
				CLANG_ENABLE_OBJC_ARC = YES;
				CLANG_WARN_BOOL_CONVERSION = YES;
				CLANG_WARN_CONSTANT_CONVERSION = YES;
				CLANG_WARN_DIRECT_OBJC_ISA_USAGE = YES_ERROR;
				CLANG_WARN_EMPTY_BODY = YES;
				CLANG_WARN_ENUM_CONVERSION = YES;
				CLANG_WARN_INT_CONVERSION = YES;
				CLANG_WARN_OBJC_ROOT_CLASS = YES_ERROR;
				CLANG_WARN_UNREACHABLE_CODE = YES;
				CLANG_WARN__DUPLICATE_METHOD_MATCH = YES;
				"CODE_SIGN_IDENTITY[sdk=iphoneos*]" = "iPhone Developer";
				COPY_PHASE_STRIP = NO;
				DEBUG_INFORMATION_FORMAT = dwarf;
				ENABLE_STRICT_OBJC_MSGSEND = YES;
				ENABLE_TESTABILITY = YES;
				GCC_C_LANGUAGE_STANDARD = gnu99;
				GCC_DYNAMIC_NO_PIC = NO;
				GCC_NO_COMMON_BLOCKS = YES;
				GCC_OPTIMIZATION_LEVEL = 0;
				GCC_PREPROCESSOR_DEFINITIONS = (
					"DEBUG=1",
					"$(inherited)",
				);
				GCC_WARN_64_TO_32_BIT_CONVERSION = YES;
				GCC_WARN_ABOUT_RETURN_TYPE = YES_ERROR;
				GCC_WARN_UNDECLARED_SELECTOR = YES;
				GCC_WARN_UNINITIALIZED_AUTOS = YES_AGGRESSIVE;
				GCC_WARN_UNUSED_FUNCTION = YES;
				GCC_WARN_UNUSED_VARIABLE = YES;
				IPHONEOS_DEPLOYMENT_TARGET = 9.2;
				MTL_ENABLE_DEBUG_INFO = YES;
				ONLY_ACTIVE_ARCH = YES;
				SDKROOT = iphoneos;
				SWIFT_OPTIMIZATION_LEVEL = "-Onone";
			};
			name = Debug;
		};
		4CFD36C31C41DB3C00DD38BD /* Release */ = {
			isa = XCBuildConfiguration;
			buildSettings = {
				ALWAYS_SEARCH_USER_PATHS = NO;
				CLANG_CXX_LANGUAGE_STANDARD = "gnu++0x";
				CLANG_CXX_LIBRARY = "libc++";
				CLANG_ENABLE_MODULES = YES;
				CLANG_ENABLE_OBJC_ARC = YES;
				CLANG_WARN_BOOL_CONVERSION = YES;
				CLANG_WARN_CONSTANT_CONVERSION = YES;
				CLANG_WARN_DIRECT_OBJC_ISA_USAGE = YES_ERROR;
				CLANG_WARN_EMPTY_BODY = YES;
				CLANG_WARN_ENUM_CONVERSION = YES;
				CLANG_WARN_INT_CONVERSION = YES;
				CLANG_WARN_OBJC_ROOT_CLASS = YES_ERROR;
				CLANG_WARN_UNREACHABLE_CODE = YES;
				CLANG_WARN__DUPLICATE_METHOD_MATCH = YES;
				"CODE_SIGN_IDENTITY[sdk=iphoneos*]" = "iPhone Developer";
				COPY_PHASE_STRIP = NO;
				DEBUG_INFORMATION_FORMAT = "dwarf-with-dsym";
				ENABLE_NS_ASSERTIONS = NO;
				ENABLE_STRICT_OBJC_MSGSEND = YES;
				GCC_C_LANGUAGE_STANDARD = gnu99;
				GCC_NO_COMMON_BLOCKS = YES;
				GCC_WARN_64_TO_32_BIT_CONVERSION = YES;
				GCC_WARN_ABOUT_RETURN_TYPE = YES_ERROR;
				GCC_WARN_UNDECLARED_SELECTOR = YES;
				GCC_WARN_UNINITIALIZED_AUTOS = YES_AGGRESSIVE;
				GCC_WARN_UNUSED_FUNCTION = YES;
				GCC_WARN_UNUSED_VARIABLE = YES;
				IPHONEOS_DEPLOYMENT_TARGET = 9.2;
				MTL_ENABLE_DEBUG_INFO = NO;
				SDKROOT = iphoneos;
				VALIDATE_PRODUCT = YES;
			};
			name = Release;
		};
		4CFD36C51C41DB3C00DD38BD /* Debug */ = {
			isa = XCBuildConfiguration;
			buildSettings = {
				ASSETCATALOG_COMPILER_APPICON_NAME = AppIcon;
				INFOPLIST_FILE = StockMarketCalculator/Info.plist;
				LD_RUNPATH_SEARCH_PATHS = "$(inherited) @executable_path/Frameworks";
				PRODUCT_BUNDLE_IDENTIFIER = com.travisgillespie.StockMarketCalculator;
				PRODUCT_NAME = "$(TARGET_NAME)";
			};
			name = Debug;
		};
		4CFD36C61C41DB3C00DD38BD /* Release */ = {
			isa = XCBuildConfiguration;
			buildSettings = {
				ASSETCATALOG_COMPILER_APPICON_NAME = AppIcon;
				INFOPLIST_FILE = StockMarketCalculator/Info.plist;
				LD_RUNPATH_SEARCH_PATHS = "$(inherited) @executable_path/Frameworks";
				PRODUCT_BUNDLE_IDENTIFIER = com.travisgillespie.StockMarketCalculator;
				PRODUCT_NAME = "$(TARGET_NAME)";
			};
			name = Release;
		};
/* End XCBuildConfiguration section */

/* Begin XCConfigurationList section */
		4CFD36AD1C41DB3C00DD38BD /* Build configuration list for PBXProject "StockMarketCalculator" */ = {
			isa = XCConfigurationList;
			buildConfigurations = (
				4CFD36C21C41DB3C00DD38BD /* Debug */,
				4CFD36C31C41DB3C00DD38BD /* Release */,
			);
			defaultConfigurationIsVisible = 0;
			defaultConfigurationName = Release;
		};
		4CFD36C41C41DB3C00DD38BD /* Build configuration list for PBXNativeTarget "StockMarketCalculator" */ = {
			isa = XCConfigurationList;
			buildConfigurations = (
				4CFD36C51C41DB3C00DD38BD /* Debug */,
				4CFD36C61C41DB3C00DD38BD /* Release */,
			);
			defaultConfigurationIsVisible = 0;
		};
/* End XCConfigurationList section */
	};
	rootObject = 4CFD36AA1C41DB3C00DD38BD /* Project object */;
}
